# THIS IS AN AUTOGENERATED FILE. DO NOT EDIT THIS FILE DIRECTLY.
# yarn lockfile v1


deep-equal@^1.0.1:
  version "1.0.1"
  resolved "https://registry.yarnpkg.com/deep-equal/-/deep-equal-1.0.1.tgz#f5d260292b660e084eff4cdbc9f08ad3247448b5"

object-assign@^4.0.1:
  version "4.1.1"
  resolved "https://registry.yarnpkg.com/object-assign/-/object-assign-4.1.1.tgz#2109adc7965887cfc05cbbd442cac8bfbb360863"

preact-helmet@4.0.0-alpha-2:
  version "4.0.0-alpha-2"
  resolved "https://registry.yarnpkg.com/preact-helmet/-/preact-helmet-4.0.0-alpha-2.tgz#f460130bac655ab7da7ee08001f765778b5c49e2"
  dependencies:
    deep-equal "^1.0.1"
    object-assign "^4.0.1"
    preact "^7.1.0"
    preact-side-effect "^1.2.0"

"preact-layout@~> 1.0":
  version "1.0.2"
  resolved "https://registry.yarnpkg.com/preact-layout/-/preact-layout-1.0.2.tgz#ad9ab9754bf92513a3f2007312702b947b9a9cee"
  dependencies:
    preact "^6.3.0"
    preact-render-to-string "^3.2.1"

"preact-mdl@~> 2.2":
  version "2.2.0"
  resolved "https://registry.yarnpkg.com/preact-mdl/-/preact-mdl-2.2.0.tgz#90cf4a003e343da9b5320678a992180a0a72dee4"

preact-render-to-string@^3.2.1:
  version "3.6.0"
  resolved "https://registry.yarnpkg.com/preact-render-to-string/-/preact-render-to-string-3.6.0.tgz#03a49d2d755a766c3d421e8b06d6edbb33ed6bde"
  dependencies:
    pretty-format "^3.5.1"

"preact-richtextarea@~> 1.1":
  version "1.1.0"
  resolved "https://registry.yarnpkg.com/preact-richtextarea/-/preact-richtextarea-1.1.0.tgz#8564bf9930794c177f41c89161805e9be92f895d"

"preact-router@~> 2.4":
  version "2.4.1"
  resolved "https://registry.yarnpkg.com/preact-router/-/preact-router-2.4.1.tgz#2dbf1756724eb2b0c401678c6cee5af2e7a2ccb8"

preact-side-effect@^1.2.0:
  version "1.2.0"
  resolved "https://registry.yarnpkg.com/preact-side-effect/-/preact-side-effect-1.2.0.tgz#b1b5927a32803a63d6108517857b2ea8e7039c9e"
  dependencies:
    preact "^7.1.0"

"preact-views@~> 1.0":
  version "1.0.0"
  resolved "https://registry.yarnpkg.com/preact-views/-/preact-views-1.0.0.tgz#6634194165b92b177121674a5e3e3253a4da9cae"

preact@^6.3.0:
  version "6.4.0"
  resolved "https://registry.yarnpkg.com/preact/-/preact-6.4.0.tgz#1b8c99754b002639a1c33e68175eefa98a01cc14"

preact@^7.1.0, "preact@~> 7.2":
  version "7.2.0"
  resolved "https://registry.yarnpkg.com/preact/-/preact-7.2.0.tgz#8aacc97465a65509bc556604a7750d48e2fa7ad1"

pretty-format@^3.5.1:
  version "3.8.0"
  resolved "https://registry.yarnpkg.com/pretty-format/-/pretty-format-3.8.0.tgz#bfbed56d5e9a776645f4b1ff7aa1a3ac4fa3c385"
